{
  "name": "claude-chats-sync",
  "version": "0.2.0",
  "lockfileVersion": 3,
  "requires": true,
  "packages": {
    "": {
      "name": "claude-chats-sync",
      "version": "0.2.0",
      "license": "MIT",
      "os": [
        "win32",
        "darwin",
        "linux"
      ],
      "bin": {
        "claude-chats-sync": "bin/claude-chats-sync.js"
      },
      "engines": {
        "node": ">=14.0.0"
      }
    }
  }
}
